
Microsoft Visual Studio Solution File, Format Version 12.00
# Visual Studio Version 16
VisualStudioVersion = 16.0.31129.286
MinimumVisualStudioVersion = 10.0.40219.1
Project("{FAE04EC0-301F-11D3-BF4B-00C04F79EFBC}") = "RpaInvesting", "RpaInvesting\RpaInvesting.csproj", "{913A6850-3A6C-44A3-9859-25D228EF2F8B}"
EndProject
Global
	GlobalSection(SolutionConfigurationPlatforms) = preSolution
		Debug|Any CPU = Debug|Any CPU
		Release|Any CPU = Release|Any CPU
	EndGlobalSection
	GlobalSection(ProjectConfigurationPlatforms) = postSolution
		{913A6850-3A6C-44A3-9859-25D228EF2F8B}.Debug|Any CPU.ActiveCfg = Debug|Any CPU
		{913A6850-3A6C-44A3-9859-25D228EF2F8B}.Debug|Any CPU.Build.0 = Debug|Any CPU
		{913A6850-3A6C-44A3-9859-25D228EF2F8B}.Release|Any CPU.ActiveCfg = Release|Any CPU
		{913A6850-3A6C-44A3-9859-25D228EF2F8B}.Release|Any CPU.Build.0 = Release|Any CPU
	EndGlobalSection
	GlobalSection(SolutionProperties) = preSolution
		HideSolutionNode = FALSE
	EndGlobalSection
	GlobalSection(ExtensibilityGlobals) = postSolution
		SolutionGuid = {ACA03F2A-2E4C-4847-A12F-327CD49A0962}
	EndGlobalSection
EndGlobal
